{
  "name": "step2json",
  "version": "0.1.0",
  "lockfileVersion": 3,
  "requires": true,
  "packages": {
    "": {
      "name": "step2json",
      "version": "0.1.0",
      "license": "MIT",
      "dependencies": {
        "occt-import-js": "^0.0.23"
      },
      "bin": {
        "step2json": "cli.mjs"
      }
    },
    "node_modules/occt-import-js": {
      "version": "0.0.23",
      "resolved": "https://registry.npmjs.org/occt-import-js/-/occt-import-js-0.0.23.tgz",
      "integrity": "sha512-RFfYQXYFX5C1mB1Aywm0ShcUKzXOr/VzTnlzhBSDJOR6YCAPt1HYCzeXWg1vwwjn/cUxwqRNhhtf1dlewoZYCQ==",
      "license": "LGPL-2.1"
    }
  }
}
